
Microsoft Visual Studio Solution File, Format Version 12.00
# Visual Studio Version 17
VisualStudioVersion = 17.3.32901.215
MinimumVisualStudioVersion = 10.0.40219.1
Project("{FAE04EC0-301F-11D3-BF4B-00C04F79EFBC}") = "EditMulti", "EditMulti\EditMulti.csproj", "{AD720241-F131-484E-A584-FC288BD20039}"
EndProject
Global
	GlobalSection(SolutionConfigurationPlatforms) = preSolution
		Debug|Any CPU = Debug|Any CPU
		Release|Any CPU = Release|Any CPU
	EndGlobalSection
	GlobalSection(ProjectConfigurationPlatforms) = postSolution
		{AD720241-F131-484E-A584-FC288BD20039}.Debug|Any CPU.ActiveCfg = Debug|Any CPU
		{AD720241-F131-484E-A584-FC288BD20039}.Debug|Any CPU.Build.0 = Debug|Any CPU
		{AD720241-F131-484E-A584-FC288BD20039}.Release|Any CPU.ActiveCfg = Release|Any CPU
		{AD720241-F131-484E-A584-FC288BD20039}.Release|Any CPU.Build.0 = Release|Any CPU
	EndGlobalSection
	GlobalSection(SolutionProperties) = preSolution
		HideSolutionNode = FALSE
	EndGlobalSection
	GlobalSection(ExtensibilityGlobals) = postSolution
		SolutionGuid = {16CAD320-0C02-415D-9C68-E88F0DC2E330}
	EndGlobalSection
EndGlobal
