
Microsoft Visual Studio Solution File, Format Version 12.00
# Visual Studio Version 17
VisualStudioVersion = 17.3.32825.248
MinimumVisualStudioVersion = 10.0.40219.1
Project("{FAE04EC0-301F-11D3-BF4B-00C04F79EFBC}") = "Praktika2", "Praktika2.csproj", "{E7BAAEDB-04D6-46FC-98F6-648D86252227}"
EndProject
Project("{FAE04EC0-301F-11D3-BF4B-00C04F79EFBC}") = "WpfPract3", "..\WpfPract3\WpfPract3.csproj", "{A3F5D413-86A3-4BDC-A17C-0AF00A19C185}"
EndProject
Global
	GlobalSection(SolutionConfigurationPlatforms) = preSolution
		Debug|Any CPU = Debug|Any CPU
		Release|Any CPU = Release|Any CPU
	EndGlobalSection
	GlobalSection(ProjectConfigurationPlatforms) = postSolution
		{E7BAAEDB-04D6-46FC-98F6-648D86252227}.Debug|Any CPU.ActiveCfg = Debug|Any CPU
		{E7BAAEDB-04D6-46FC-98F6-648D86252227}.Debug|Any CPU.Build.0 = Debug|Any CPU
		{E7BAAEDB-04D6-46FC-98F6-648D86252227}.Release|Any CPU.ActiveCfg = Release|Any CPU
		{E7BAAEDB-04D6-46FC-98F6-648D86252227}.Release|Any CPU.Build.0 = Release|Any CPU
		{A3F5D413-86A3-4BDC-A17C-0AF00A19C185}.Debug|Any CPU.ActiveCfg = Debug|Any CPU
		{A3F5D413-86A3-4BDC-A17C-0AF00A19C185}.Debug|Any CPU.Build.0 = Debug|Any CPU
		{A3F5D413-86A3-4BDC-A17C-0AF00A19C185}.Release|Any CPU.ActiveCfg = Release|Any CPU
		{A3F5D413-86A3-4BDC-A17C-0AF00A19C185}.Release|Any CPU.Build.0 = Release|Any CPU
	EndGlobalSection
	GlobalSection(SolutionProperties) = preSolution
		HideSolutionNode = FALSE
	EndGlobalSection
	GlobalSection(ExtensibilityGlobals) = postSolution
		SolutionGuid = {ECDEAFF6-D031-4A43-88DB-A1930760DEF3}
	EndGlobalSection
EndGlobal
